
Microsoft Visual Studio Solution File, Format Version 12.00
# Visual Studio Version 17
VisualStudioVersion = 17.1.32328.378
MinimumVisualStudioVersion = 10.0.40219.1
Project("{9A19103F-16F7-4668-BE54-9A1E7A4F7556}") = "ShreddersBundleManager", "ShreddersBundleManager.csproj", "{B333A6B1-8754-4994-B1DE-C9D1FCACFF13}"
EndProject
Global
	GlobalSection(SolutionConfigurationPlatforms) = preSolution
		Debug|Any CPU = Debug|Any CPU
		Release|Any CPU = Release|Any CPU
	EndGlobalSection
	GlobalSection(ProjectConfigurationPlatforms) = postSolution
		{B333A6B1-8754-4994-B1DE-C9D1FCACFF13}.Debug|Any CPU.ActiveCfg = Debug|Any CPU
		{B333A6B1-8754-4994-B1DE-C9D1FCACFF13}.Debug|Any CPU.Build.0 = Debug|Any CPU
		{B333A6B1-8754-4994-B1DE-C9D1FCACFF13}.Release|Any CPU.ActiveCfg = Release|Any CPU
		{B333A6B1-8754-4994-B1DE-C9D1FCACFF13}.Release|Any CPU.Build.0 = Release|Any CPU
	EndGlobalSection
	GlobalSection(SolutionProperties) = preSolution
		HideSolutionNode = FALSE
	EndGlobalSection
	GlobalSection(ExtensibilityGlobals) = postSolution
		SolutionGuid = {7EAB5DD6-F961-4566-92F8-59B84E446F04}
	EndGlobalSection
EndGlobal
